{
  "name": "web-components-demo",
  "version": "1.0.0",
  "lockfileVersion": 1,
  "requires": true,
  "dependencies": {
    "@polymer/polymer": {
      "version": "3.3.0",
      "resolved": "https://registry.npm.taobao.org/@polymer/polymer/download/@polymer/polymer-3.3.0.tgz",
      "integrity": "sha1-UqBmWsKWVHKOj0bo7heMAsSe/dA=",
      "requires": {
        "@webcomponents/shadycss": "1.9.1"
      }
    },
    "@webcomponents/shadycss": {
      "version": "1.9.1",
      "resolved": "https://registry.npm.taobao.org/@webcomponents/shadycss/download/@webcomponents/shadycss-1.9.1.tgz",
      "integrity": "sha1-12n7rfpQTxG4TK7vJnAfiQcOxJo="
    },
    "@webcomponents/webcomponentsjs": {
      "version": "2.2.10",
      "resolved": "https://registry.npm.taobao.org/@webcomponents/webcomponentsjs/download/@webcomponents/webcomponentsjs-2.2.10.tgz",
      "integrity": "sha1-b2vuAneDOumNfltG8eD9tIzV/0Q="
    }
  }
}
